Microsoft Visual Studio Solution File, Format Version 12.00
# Visual Studio Version 17
VisualStudioVersion = 17.5.2.0
MinimumVisualStudioVersion = 10.0.40219.1
Project("{FAE04EC0-301F-11D3-BF4B-00C04F79EFBC}") = "BookReviewApi", "BookReviewApi.csproj", "{8E6A3EBA-E651-7CAD-7A55-EA634444D330}"
EndProject
Global
	GlobalSection(SolutionConfigurationPlatforms) = preSolution
		Debug|Any CPU = Debug|Any CPU
		Release|Any CPU = Release|Any CPU
	EndGlobalSection
	GlobalSection(ProjectConfigurationPlatforms) = postSolution
		{8E6A3EBA-E651-7CAD-7A55-EA634444D330}.Debug|Any CPU.ActiveCfg = Debug|Any CPU
		{8E6A3EBA-E651-7CAD-7A55-EA634444D330}.Debug|Any CPU.Build.0 = Debug|Any CPU
		{8E6A3EBA-E651-7CAD-7A55-EA634444D330}.Release|Any CPU.ActiveCfg = Release|Any CPU
		{8E6A3EBA-E651-7CAD-7A55-EA634444D330}.Release|Any CPU.Build.0 = Release|Any CPU
	EndGlobalSection
	GlobalSection(SolutionProperties) = preSolution
		HideSolutionNode = FALSE
	EndGlobalSection
	GlobalSection(ExtensibilityGlobals) = postSolution
		SolutionGuid = {A3BA8A0E-B6A7-4598-AFA2-F561799E9AF9}
	EndGlobalSection
EndGlobal
